<?xml version="1.0" encoding="UTF-8"?>
<!DOCTYPE plist PUBLIC "-//Apple//DTD PLIST 1.0//EN" "http://www.apple.com/DTDs/PropertyList-1.0.dtd">
<plist version="1.0">
<dict>
	<key>archiveVersion</key>
	<string>1</string>
	<key>classes</key>
	<dict/>
	<key>objectVersion</key>
	<string>46</string>
	<key>objects</key>
	<dict>
		<key>352105E9156C3E3E00A14717</key>
		<dict>
			<key>children</key>
			<array>
				<string>352105FE156C3E3E00A14717</string>
				<string>352105F7156C3E3E00A14717</string>
				<string>352105F5156C3E3E00A14717</string>
				<string>9C304D0AECC8476AA6329506</string>
			</array>
			<key>isa</key>
			<string>PBXGroup</string>
			<key>sourceTree</key>
			<string>&lt;group&gt;</string>
		</dict>
		<key>352105EB156C3E3E00A14717</key>
		<dict>
			<key>attributes</key>
			<dict>
				<key>CLASSPREFIX</key>
				<string>IL</string>
				<key>LastUpgradeCheck</key>
				<string>0430</string>
				<key>ORGANIZATIONNAME</key>
				<string>particulier</string>
			</dict>
			<key>buildConfigurationList</key>
			<string>352105EE156C3E3E00A14717</string>
			<key>compatibilityVersion</key>
			<string>Xcode 3.2</string>
			<key>developmentRegion</key>
			<string>English</string>
			<key>hasScannedForEncodings</key>
			<string>0</string>
			<key>isa</key>
			<string>PBXProject</string>
			<key>knownRegions</key>
			<array>
				<string>en</string>
			</array>
			<key>mainGroup</key>
			<string>352105E9156C3E3E00A14717</string>
			<key>productRefGroup</key>
			<string>352105F5156C3E3E00A14717</string>
			<key>projectDirPath</key>
			<string></string>
			<key>projectRoot</key>
			<string></string>
			<key>targets</key>
			<array>
				<string>352105F3156C3E3E00A14717</string>
			</array>
		</dict>
		<key>352105EE156C3E3E00A14717</key>
		<dict>
			<key>buildConfigurations</key>
			<array>
				<string>3521060A156C3E3E00A14717</string>
				<string>3521060B156C3E3E00A14717</string>
			</array>
			<key>defaultConfigurationIsVisible</key>
			<string>0</string>
			<key>defaultConfigurationName</key>
			<string>Release</string>
			<key>isa</key>
			<string>XCConfigurationList</string>
		</dict>
		<key>352105F0156C3E3E00A14717</key>
		<dict>
			<key>buildActionMask</key>
			<string>2147483647</string>
			<key>files</key>
			<array>
				<string>35210605156C3E3E00A14717</string>
				<string>35210609156C3E3E00A14717</string>
				<string>35210613156C3E6800A14717</string>
			</array>
			<key>isa</key>
			<string>PBXSourcesBuildPhase</string>
			<key>runOnlyForDeploymentPostprocessing</key>
			<string>0</string>
		</dict>
		<key>352105F1156C3E3E00A14717</key>
		<dict>
			<key>buildActionMask</key>
			<string>2147483647</string>
			<key>files</key>
			<array>
				<string>352105F9156C3E3E00A14717</string>
				<string>352105FB156C3E3E00A14717</string>
				<string>352105FD156C3E3E00A14717</string>
				<string>8E61CD0941EC4AA8BBFF398A</string>
			</array>
			<key>isa</key>
			<string>PBXFrameworksBuildPhase</string>
			<key>runOnlyForDeploymentPostprocessing</key>
			<string>0</string>
		</dict>
		<key>352105F2156C3E3E00A14717</key>
		<dict>
			<key>buildActionMask</key>
			<string>2147483647</string>
			<key>files</key>
			<array>
				<string>35210603156C3E3E00A14717</string>
				<string>35210614156C3E6800A14717</string>
			</array>
			<key>isa</key>
			<string>PBXResourcesBuildPhase</string>
			<key>runOnlyForDeploymentPostprocessing</key>
			<string>0</string>
		</dict>
		<key>352105F3156C3E3E00A14717</key>
		<dict>
			<key>buildConfigurationList</key>
			<string>3521060C156C3E3E00A14717</string>
			<key>buildPhases</key>
			<array>
				<string>352105F0156C3E3E00A14717</string>
				<string>352105F1156C3E3E00A14717</string>
				<string>352105F2156C3E3E00A14717</string>
				<string>43A668DA869D4996A4A4174E</string>
			</array>
			<key>buildRules</key>
			<array/>
			<key>dependencies</key>
			<array/>
			<key>isa</key>
			<string>PBXNativeTarget</string>
			<key>name</key>
			<string>PlotApp</string>
			<key>productName</key>
			<string>PlotApp</string>
			<key>productReference</key>
			<string>352105F4156C3E3E00A14717</string>
			<key>productType</key>
			<string>com.apple.product-type.application</string>
		</dict>
		<key>352105F4156C3E3E00A14717</key>
		<dict>
			<key>explicitFileType</key>
			<string>wrapper.application</string>
			<key>includeInIndex</key>
			<string>0</string>
			<key>isa</key>
			<string>PBXFileReference</string>
			<key>name</key>
			<string>PlotApp.app</string>
			<key>path</key>
			<string>PlotApp.app</string>
			<key>sourceTree</key>
			<string>BUILT_PRODUCTS_DIR</string>
		</dict>
		<key>352105F5156C3E3E00A14717</key>
		<dict>
			<key>children</key>
			<array>
				<string>352105F4156C3E3E00A14717</string>
			</array>
			<key>isa</key>
			<string>PBXGroup</string>
			<key>name</key>
			<string>Products</string>
			<key>sourceTree</key>
			<string>&lt;group&gt;</string>
		</dict>
		<key>352105F7156C3E3E00A14717</key>
		<dict>
			<key>children</key>
			<array>
				<string>352105F8156C3E3E00A14717</string>
				<string>352105FA156C3E3E00A14717</string>
				<string>352105FC156C3E3E00A14717</string>
				<string>FFBB8199F740495DA13BD44A</string>
			</array>
			<key>isa</key>
			<string>PBXGroup</string>
			<key>name</key>
			<string>Frameworks</string>
			<key>sourceTree</key>
			<string>&lt;group&gt;</string>
		</dict>
		<key>352105F8156C3E3E00A14717</key>
		<dict>
			<key>isa</key>
			<string>PBXFileReference</string>
			<key>lastKnownFileType</key>
			<string>wrapper.framework</string>
			<key>name</key>
			<string>UIKit.framework</string>
			<key>path</key>
			<string>System/Library/Frameworks/UIKit.framework</string>
			<key>sourceTree</key>
			<string>SDKROOT</string>
		</dict>
		<key>352105F9156C3E3E00A14717</key>
		<dict>
			<key>fileRef</key>
			<string>352105F8156C3E3E00A14717</string>
			<key>isa</key>
			<string>PBXBuildFile</string>
		</dict>
		<key>352105FA156C3E3E00A14717</key>
		<dict>
			<key>isa</key>
			<string>PBXFileReference</string>
			<key>lastKnownFileType</key>
			<string>wrapper.framework</string>
			<key>name</key>
			<string>Foundation.framework</string>
			<key>path</key>
			<string>System/Library/Frameworks/Foundation.framework</string>
			<key>sourceTree</key>
			<string>SDKROOT</string>
		</dict>
		<key>352105FB156C3E3E00A14717</key>
		<dict>
			<key>fileRef</key>
			<string>352105FA156C3E3E00A14717</string>
			<key>isa</key>
			<string>PBXBuildFile</string>
		</dict>
		<key>352105FC156C3E3E00A14717</key>
		<dict>
			<key>isa</key>
			<string>PBXFileReference</string>
			<key>lastKnownFileType</key>
			<string>wrapper.framework</string>
			<key>name</key>
			<string>CoreGraphics.framework</string>
			<key>path</key>
			<string>System/Library/Frameworks/CoreGraphics.framework</string>
			<key>sourceTree</key>
			<string>SDKROOT</string>
		</dict>
		<key>352105FD156C3E3E00A14717</key>
		<dict>
			<key>fileRef</key>
			<string>352105FC156C3E3E00A14717</string>
			<key>isa</key>
			<string>PBXBuildFile</string>
		</dict>
		<key>352105FE156C3E3E00A14717</key>
		<dict>
			<key>children</key>
			<array>
				<string>3521060F156C3E4700A14717</string>
				<string>352105FF156C3E3E00A14717</string>
			</array>
			<key>isa</key>
			<string>PBXGroup</string>
			<key>path</key>
			<string>PlotApp</string>
			<key>sourceTree</key>
			<string>&lt;group&gt;</string>
		</dict>
		<key>352105FF156C3E3E00A14717</key>
		<dict>
			<key>children</key>
			<array>
				<string>35210600156C3E3E00A14717</string>
				<string>35210601156C3E3E00A14717</string>
				<string>35210604156C3E3E00A14717</string>
				<string>35210606156C3E3E00A14717</string>
			</array>
			<key>isa</key>
			<string>PBXGroup</string>
			<key>name</key>
			<string>Supporting Files</string>
			<key>sourceTree</key>
			<string>&lt;group&gt;</string>
		</dict>
		<key>35210600156C3E3E00A14717</key>
		<dict>
			<key>isa</key>
			<string>PBXFileReference</string>
			<key>lastKnownFileType</key>
			<string>text.plist.xml</string>
			<key>name</key>
			<string>PlotApp-Info.plist</string>
			<key>path</key>
			<string>PlotApp-Info.plist</string>
			<key>sourceTree</key>
			<string>&lt;group&gt;</string>
		</dict>
		<key>35210601156C3E3E00A14717</key>
		<dict>
			<key>children</key>
			<array>
				<string>35210602156C3E3E00A14717</string>
			</array>
			<key>isa</key>
			<string>PBXVariantGroup</string>
			<key>name</key>
			<string>InfoPlist.strings</string>
			<key>sourceTree</key>
			<string>&lt;group&gt;</string>
		</dict>
		<key>35210602156C3E3E00A14717</key>
		<dict>
			<key>isa</key>
			<string>PBXFileReference</string>
			<key>lastKnownFileType</key>
			<string>text.plist.strings</string>
			<key>name</key>
			<string>en</string>
			<key>path</key>
			<string>en.lproj/InfoPlist.strings</string>
			<key>sourceTree</key>
			<string>&lt;group&gt;</string>
		</dict>
		<key>35210603156C3E3E00A14717</key>
		<dict>
			<key>fileRef</key>
			<string>35210601156C3E3E00A14717</string>
			<key>isa</key>
			<string>PBXBuildFile</string>
		</dict>
		<key>35210604156C3E3E00A14717</key>
		<dict>
			<key>isa</key>
			<string>PBXFileReference</string>
			<key>lastKnownFileType</key>
			<string>sourcecode.c.objc</string>
			<key>name</key>
			<string>main.m</string>
			<key>path</key>
			<string>main.m</string>
			<key>sourceTree</key>
			<string>&lt;group&gt;</string>
		</dict>
		<key>35210605156C3E3E00A14717</key>
		<dict>
			<key>fileRef</key>
			<string>35210604156C3E3E00A14717</string>
			<key>isa</key>
			<string>PBXBuildFile</string>
		</dict>
		<key>35210606156C3E3E00A14717</key>
		<dict>
			<key>isa</key>
			<string>PBXFileReference</string>
			<key>lastKnownFileType</key>
			<string>sourcecode.c.h</string>
			<key>name</key>
			<string>PlotApp-Prefix.pch</string>
			<key>path</key>
			<string>PlotApp-Prefix.pch</string>
			<key>sourceTree</key>
			<string>&lt;group&gt;</string>
		</dict>
		<key>35210607156C3E3E00A14717</key>
		<dict>
			<key>isa</key>
			<string>PBXFileReference</string>
			<key>lastKnownFileType</key>
			<string>sourcecode.c.h</string>
			<key>name</key>
			<string>ILAppDelegate.h</string>
			<key>path</key>
			<string>ILAppDelegate.h</string>
			<key>sourceTree</key>
			<string>&lt;group&gt;</string>
		</dict>
		<key>35210608156C3E3E00A14717</key>
		<dict>
			<key>isa</key>
			<string>PBXFileReference</string>
			<key>lastKnownFileType</key>
			<string>sourcecode.c.objc</string>
			<key>name</key>
			<string>ILAppDelegate.m</string>
			<key>path</key>
			<string>ILAppDelegate.m</string>
			<key>sourceTree</key>
			<string>&lt;group&gt;</string>
		</dict>
		<key>35210609156C3E3E00A14717</key>
		<dict>
			<key>fileRef</key>
			<string>35210608156C3E3E00A14717</string>
			<key>isa</key>
			<string>PBXBuildFile</string>
		</dict>
		<key>3521060A156C3E3E00A14717</key>
		<dict>
			<key>buildSettings</key>
			<dict>
				<key>ALWAYS_SEARCH_USER_PATHS</key>
				<string>NO</string>
				<key>ARCHS</key>
				<string>$(ARCHS_STANDARD_32_BIT)</string>
				<key>CLANG_ENABLE_OBJC_ARC</key>
				<string>YES</string>
				<key>CODE_SIGN_IDENTITY[sdk=iphoneos*]</key>
				<string>iPhone Developer</string>
				<key>COPY_PHASE_STRIP</key>
				<string>NO</string>
				<key>GCC_C_LANGUAGE_STANDARD</key>
				<string>gnu99</string>
				<key>GCC_DYNAMIC_NO_PIC</key>
				<string>NO</string>
				<key>GCC_OPTIMIZATION_LEVEL</key>
				<string>0</string>
				<key>GCC_PREPROCESSOR_DEFINITIONS</key>
				<array>
					<string>DEBUG=1</string>
					<string>$(inherited)</string>
				</array>
				<key>GCC_SYMBOLS_PRIVATE_EXTERN</key>
				<string>NO</string>
				<key>GCC_VERSION</key>
				<string>com.apple.compilers.llvm.clang.1_0</string>
				<key>GCC_WARN_ABOUT_RETURN_TYPE</key>
				<string>YES</string>
				<key>GCC_WARN_UNINITIALIZED_AUTOS</key>
				<string>YES</string>
				<key>GCC_WARN_UNUSED_VARIABLE</key>
				<string>YES</string>
				<key>IPHONEOS_DEPLOYMENT_TARGET</key>
				<string>5.1</string>
				<key>SDKROOT</key>
				<string>iphoneos</string>
			</dict>
			<key>isa</key>
			<string>XCBuildConfiguration</string>
			<key>name</key>
			<string>Debug</string>
		</dict>
		<key>3521060B156C3E3E00A14717</key>
		<dict>
			<key>buildSettings</key>
			<dict>
				<key>ALWAYS_SEARCH_USER_PATHS</key>
				<string>NO</string>
				<key>ARCHS</key>
				<string>$(ARCHS_STANDARD_32_BIT)</string>
				<key>CLANG_ENABLE_OBJC_ARC</key>
				<string>YES</string>
				<key>CODE_SIGN_IDENTITY[sdk=iphoneos*]</key>
				<string>iPhone Developer</string>
				<key>COPY_PHASE_STRIP</key>
				<string>YES</string>
				<key>GCC_C_LANGUAGE_STANDARD</key>
				<string>gnu99</string>
				<key>GCC_VERSION</key>
				<string>com.apple.compilers.llvm.clang.1_0</string>
				<key>GCC_WARN_ABOUT_RETURN_TYPE</key>
				<string>YES</string>
				<key>GCC_WARN_UNINITIALIZED_AUTOS</key>
				<string>YES</string>
				<key>GCC_WARN_UNUSED_VARIABLE</key>
				<string>YES</string>
				<key>IPHONEOS_DEPLOYMENT_TARGET</key>
				<string>5.1</string>
				<key>OTHER_CFLAGS</key>
				<string>-DNS_BLOCK_ASSERTIONS=1</string>
				<key>SDKROOT</key>
				<string>iphoneos</string>
				<key>VALIDATE_PRODUCT</key>
				<string>YES</string>
			</dict>
			<key>isa</key>
			<string>XCBuildConfiguration</string>
			<key>name</key>
			<string>Release</string>
		</dict>
		<key>3521060C156C3E3E00A14717</key>
		<dict>
			<key>buildConfigurations</key>
			<array>
				<string>3521060D156C3E3E00A14717</string>
				<string>3521060E156C3E3E00A14717</string>
			</array>
			<key>defaultConfigurationIsVisible</key>
			<string>0</string>
			<key>isa</key>
			<string>XCConfigurationList</string>
		</dict>
		<key>3521060D156C3E3E00A14717</key>
		<dict>
			<key>baseConfigurationReference</key>
			<string>9C304D0AECC8476AA6329506</string>
			<key>buildSettings</key>
			<dict>
				<key>DSTROOT</key>
				<string>/tmp/xcodeproj.dst</string>
				<key>GCC_PRECOMPILE_PREFIX_HEADER</key>
				<string>YES</string>
				<key>GCC_PREFIX_HEADER</key>
				<string>PlotApp/PlotApp-Prefix.pch</string>
				<key>GCC_VERSION</key>
				<string>com.apple.compilers.llvm.clang.1_0</string>
				<key>INFOPLIST_FILE</key>
				<string>PlotApp/PlotApp-Info.plist</string>
				<key>PRODUCT_NAME</key>
				<string>$(TARGET_NAME)</string>
				<key>SKIP_INSTALL</key>
				<string>YES</string>
				<key>WRAPPER_EXTENSION</key>
				<string>app</string>
			</dict>
			<key>isa</key>
			<string>XCBuildConfiguration</string>
			<key>name</key>
			<string>Debug</string>
		</dict>
		<key>3521060E156C3E3E00A14717</key>
		<dict>
			<key>baseConfigurationReference</key>
			<string>9C304D0AECC8476AA6329506</string>
			<key>buildSettings</key>
			<dict>
				<key>DSTROOT</key>
				<string>/tmp/xcodeproj.dst</string>
				<key>GCC_PRECOMPILE_PREFIX_HEADER</key>
				<string>YES</string>
				<key>GCC_PREFIX_HEADER</key>
				<string>PlotApp/PlotApp-Prefix.pch</string>
				<key>GCC_VERSION</key>
				<string>com.apple.compilers.llvm.clang.1_0</string>
				<key>INFOPLIST_FILE</key>
				<string>PlotApp/PlotApp-Info.plist</string>
				<key>PRODUCT_NAME</key>
				<string>$(TARGET_NAME)</string>
				<key>SKIP_INSTALL</key>
				<string>YES</string>
				<key>WRAPPER_EXTENSION</key>
				<string>app</string>
			</dict>
			<key>isa</key>
			<string>XCBuildConfiguration</string>
			<key>name</key>
			<string>Release</string>
		</dict>
		<key>3521060F156C3E4700A14717</key>
		<dict>
			<key>children</key>
			<array>
				<string>35210607156C3E3E00A14717</string>
				<string>35210608156C3E3E00A14717</string>
				<string>35210610156C3E6800A14717</string>
				<string>35210611156C3E6800A14717</string>
				<string>35210612156C3E6800A14717</string>
			</array>
			<key>isa</key>
			<string>PBXGroup</string>
			<key>name</key>
			<string>Classes</string>
			<key>sourceTree</key>
			<string>&lt;group&gt;</string>
		</dict>
		<key>35210610156C3E6800A14717</key>
		<dict>
			<key>fileEncoding</key>
			<string>4</string>
			<key>isa</key>
			<string>PBXFileReference</string>
			<key>lastKnownFileType</key>
			<string>sourcecode.c.h</string>
			<key>name</key>
			<string>ILCustomViewController.h</string>
			<key>path</key>
			<string>ILCustomViewController.h</string>
			<key>sourceTree</key>
			<string>&lt;group&gt;</string>
		</dict>
		<key>35210611156C3E6800A14717</key>
		<dict>
			<key>fileEncoding</key>
			<string>4</string>
			<key>isa</key>
			<string>PBXFileReference</string>
			<key>lastKnownFileType</key>
			<string>sourcecode.c.objc</string>
			<key>name</key>
			<string>ILCustomViewController.m</string>
			<key>path</key>
			<string>ILCustomViewController.m</string>
			<key>sourceTree</key>
			<string>&lt;group&gt;</string>
		</dict>
		<key>35210612156C3E6800A14717</key>
		<dict>
			<key>fileEncoding</key>
			<string>4</string>
			<key>isa</key>
			<string>PBXFileReference</string>
			<key>lastKnownFileType</key>
			<string>file.xib</string>
			<key>name</key>
			<string>ILCustomViewController.xib</string>
			<key>path</key>
			<string>ILCustomViewController.xib</string>
			<key>sourceTree</key>
			<string>&lt;group&gt;</string>
		</dict>
		<key>35210613156C3E6800A14717</key>
		<dict>
			<key>fileRef</key>
			<string>35210611156C3E6800A14717</string>
			<key>isa</key>
			<string>PBXBuildFile</string>
		</dict>
		<key>35210614156C3E6800A14717</key>
		<dict>
			<key>fileRef</key>
			<string>35210612156C3E6800A14717</string>
			<key>isa</key>
			<string>PBXBuildFile</string>
		</dict>
		<key>43A668DA869D4996A4A4174E</key>
		<dict>
			<key>buildActionMask</key>
			<string>2147483647</string>
			<key>files</key>
			<array/>
			<key>inputPaths</key>
			<array/>
			<key>isa</key>
			<string>PBXShellScriptBuildPhase</string>
			<key>name</key>
			<string>Copy Pods Resources</string>
			<key>outputPaths</key>
			<array/>
			<key>runOnlyForDeploymentPostprocessing</key>
			<string>0</string>
			<key>shellPath</key>
			<string>/bin/sh</string>
			<key>shellScript</key>
			<string>"${SRCROOT}/Pods/Pods-resources.sh"
</string>
		</dict>
		<key>8E61CD0941EC4AA8BBFF398A</key>
		<dict>
			<key>fileRef</key>
			<string>FFBB8199F740495DA13BD44A</string>
			<key>isa</key>
			<string>PBXBuildFile</string>
		</dict>
		<key>9C304D0AECC8476AA6329506</key>
		<dict>
			<key>isa</key>
			<string>PBXFileReference</string>
			<key>lastKnownFileType</key>
			<string>text.xcconfig</string>
			<key>name</key>
			<string>Pods.xcconfig</string>
			<key>path</key>
			<string>Pods/Pods.xcconfig</string>
			<key>sourceTree</key>
			<string>SOURCE_ROOT</string>
		</dict>
		<key>FFBB8199F740495DA13BD44A</key>
		<dict>
			<key>explicitFileType</key>
			<string>archive.ar</string>
			<key>includeInIndex</key>
			<string>0</string>
			<key>isa</key>
			<string>PBXFileReference</string>
			<key>name</key>
			<string>libPods.a</string>
			<key>path</key>
			<string>libPods.a</string>
			<key>sourceTree</key>
			<string>BUILT_PRODUCTS_DIR</string>
		</dict>
	</dict>
	<key>rootObject</key>
	<string>352105EB156C3E3E00A14717</string>
</dict>
</plist>
